
Microsoft Visual Studio Solution File, Format Version 12.00
# Visual Studio Version 17
VisualStudioVersion = 17.5.33530.505
MinimumVisualStudioVersion = 10.0.40219.1
Project("{9A19103F-16F7-4668-BE54-9A1E7A4F7556}") = "NumericUpDownContentAlignment", "NumericUpDownContentAlignment\NumericUpDownContentAlignment.csproj", "{8DA9D9D0-FDD5-4703-83B7-9B2D89D6D038}"
EndProject
Project("{9A19103F-16F7-4668-BE54-9A1E7A4F7556}") = "NumericUpDownContentAlignment.Desktop", "NumericUpDownContentAlignment.Desktop\NumericUpDownContentAlignment.Desktop.csproj", "{5DD396CF-DCB5-439B-B4E4-962C42BC2EF2}"
EndProject
Global
	GlobalSection(SolutionConfigurationPlatforms) = preSolution
		Debug|Any CPU = Debug|Any CPU
		Release|Any CPU = Release|Any CPU
	EndGlobalSection
	GlobalSection(ProjectConfigurationPlatforms) = postSolution
		{8DA9D9D0-FDD5-4703-83B7-9B2D89D6D038}.Debug|Any CPU.ActiveCfg = Debug|Any CPU
		{8DA9D9D0-FDD5-4703-83B7-9B2D89D6D038}.Debug|Any CPU.Build.0 = Debug|Any CPU
		{8DA9D9D0-FDD5-4703-83B7-9B2D89D6D038}.Release|Any CPU.ActiveCfg = Release|Any CPU
		{8DA9D9D0-FDD5-4703-83B7-9B2D89D6D038}.Release|Any CPU.Build.0 = Release|Any CPU
		{5DD396CF-DCB5-439B-B4E4-962C42BC2EF2}.Debug|Any CPU.ActiveCfg = Debug|Any CPU
		{5DD396CF-DCB5-439B-B4E4-962C42BC2EF2}.Debug|Any CPU.Build.0 = Debug|Any CPU
		{5DD396CF-DCB5-439B-B4E4-962C42BC2EF2}.Release|Any CPU.ActiveCfg = Release|Any CPU
		{5DD396CF-DCB5-439B-B4E4-962C42BC2EF2}.Release|Any CPU.Build.0 = Release|Any CPU
	EndGlobalSection
	GlobalSection(SolutionProperties) = preSolution
		HideSolutionNode = FALSE
	EndGlobalSection
	GlobalSection(ExtensibilityGlobals) = postSolution
		SolutionGuid = {63CC0926-EB60-4CF6-A81B-D0FF680C1ADC}
	EndGlobalSection
EndGlobal
